
Microsoft Visual Studio Solution File, Format Version 12.00
# Visual Studio Version 16
VisualStudioVersion = 16.0.36107.64
MinimumVisualStudioVersion = 10.0.40219.1
Project("{8BC9CEB8-8B4A-11D0-8D11-00A0C91BC942}") = "Chap01", "Chap01\Chap01.vcxproj", "{2A41517C-4999-42B4-8C33-AA7463F54974}"
EndProject
Project("{8BC9CEB8-8B4A-11D0-8D11-00A0C91BC942}") = "Chap02", "Chap02\Chap02.vcxproj", "{4913D0A3-5F1A-43A2-BDFE-715741E79D88}"
EndProject
Project("{8BC9CEB8-8B4A-11D0-8D11-00A0C91BC942}") = "Chap03", "Chap03\Chap03.vcxproj", "{F1274B77-62D3-4151-98B0-6D6D79B428EA}"
EndProject
Project("{8BC9CEB8-8B4A-11D0-8D11-00A0C91BC942}") = "Chap04", "Chap04\Chap04.vcxproj", "{F8985AE9-C9A3-4E1F-9AED-2F778FD3D8F9}"
EndProject
Project("{8BC9CEB8-8B4A-11D0-8D11-00A0C91BC942}") = "Chap05", "Chap05\Chap05.vcxproj", "{FEEA68EF-6CEE-4469-AAC8-02D5D595240E}"
EndProject
Project("{8BC9CEB8-8B4A-11D0-8D11-00A0C91BC942}") = "Chap06", "Chap06\Chap06.vcxproj", "{7546745E-EA2D-4F27-A55C-91ADC24D1D1A}"
EndProject
Project("{8BC9CEB8-8B4A-11D0-8D11-00A0C91BC942}") = "test_struct", "test_struct\test_struct.vcxproj", "{4D057CF1-242B-4706-8ED8-4AAC8CAB33A5}"
EndProject
Project("{8BC9CEB8-8B4A-11D0-8D11-00A0C91BC942}") = "Chap07", "Chap07\Chap07.vcxproj", "{DD6F2A72-F5A0-46A1-BD03-8C4BD97F2AF2}"
EndProject
Global
	GlobalSection(SolutionConfigurationPlatforms) = preSolution
		Debug|x64 = Debug|x64
		Debug|x86 = Debug|x86
		Release|x64 = Release|x64
		Release|x86 = Release|x86
	EndGlobalSection
	GlobalSection(ProjectConfigurationPlatforms) = postSolution
		{2A41517C-4999-42B4-8C33-AA7463F54974}.Debug|x64.ActiveCfg = Debug|x64
		{2A41517C-4999-42B4-8C33-AA7463F54974}.Debug|x64.Build.0 = Debug|x64
		{2A41517C-4999-42B4-8C33-AA7463F54974}.Debug|x86.ActiveCfg = Debug|Win32
		{2A41517C-4999-42B4-8C33-AA7463F54974}.Debug|x86.Build.0 = Debug|Win32
		{2A41517C-4999-42B4-8C33-AA7463F54974}.Release|x64.ActiveCfg = Release|x64
		{2A41517C-4999-42B4-8C33-AA7463F54974}.Release|x64.Build.0 = Release|x64
		{2A41517C-4999-42B4-8C33-AA7463F54974}.Release|x86.ActiveCfg = Release|Win32
		{2A41517C-4999-42B4-8C33-AA7463F54974}.Release|x86.Build.0 = Release|Win32
		{4913D0A3-5F1A-43A2-BDFE-715741E79D88}.Debug|x64.ActiveCfg = Debug|x64
		{4913D0A3-5F1A-43A2-BDFE-715741E79D88}.Debug|x64.Build.0 = Debug|x64
		{4913D0A3-5F1A-43A2-BDFE-715741E79D88}.Debug|x86.ActiveCfg = Debug|Win32
		{4913D0A3-5F1A-43A2-BDFE-715741E79D88}.Debug|x86.Build.0 = Debug|Win32
		{4913D0A3-5F1A-43A2-BDFE-715741E79D88}.Release|x64.ActiveCfg = Release|x64
		{4913D0A3-5F1A-43A2-BDFE-715741E79D88}.Release|x64.Build.0 = Release|x64
		{4913D0A3-5F1A-43A2-BDFE-715741E79D88}.Release|x86.ActiveCfg = Release|Win32
		{4913D0A3-5F1A-43A2-BDFE-715741E79D88}.Release|x86.Build.0 = Release|Win32
		{F1274B77-62D3-4151-98B0-6D6D79B428EA}.Debug|x64.ActiveCfg = Debug|x64
		{F1274B77-62D3-4151-98B0-6D6D79B428EA}.Debug|x64.Build.0 = Debug|x64
		{F1274B77-62D3-4151-98B0-6D6D79B428EA}.Debug|x86.ActiveCfg = Debug|Win32
		{F1274B77-62D3-4151-98B0-6D6D79B428EA}.Debug|x86.Build.0 = Debug|Win32
		{F1274B77-62D3-4151-98B0-6D6D79B428EA}.Release|x64.ActiveCfg = Release|x64
		{F1274B77-62D3-4151-98B0-6D6D79B428EA}.Release|x64.Build.0 = Release|x64
		{F1274B77-62D3-4151-98B0-6D6D79B428EA}.Release|x86.ActiveCfg = Release|Win32
		{F1274B77-62D3-4151-98B0-6D6D79B428EA}.Release|x86.Build.0 = Release|Win32
		{F8985AE9-C9A3-4E1F-9AED-2F778FD3D8F9}.Debug|x64.ActiveCfg = Debug|x64
		{F8985AE9-C9A3-4E1F-9AED-2F778FD3D8F9}.Debug|x64.Build.0 = Debug|x64
		{F8985AE9-C9A3-4E1F-9AED-2F778FD3D8F9}.Debug|x86.ActiveCfg = Debug|Win32
		{F8985AE9-C9A3-4E1F-9AED-2F778FD3D8F9}.Debug|x86.Build.0 = Debug|Win32
		{F8985AE9-C9A3-4E1F-9AED-2F778FD3D8F9}.Release|x64.ActiveCfg = Release|x64
		{F8985AE9-C9A3-4E1F-9AED-2F778FD3D8F9}.Release|x64.Build.0 = Release|x64
		{F8985AE9-C9A3-4E1F-9AED-2F778FD3D8F9}.Release|x86.ActiveCfg = Release|Win32
		{F8985AE9-C9A3-4E1F-9AED-2F778FD3D8F9}.Release|x86.Build.0 = Release|Win32
		{FEEA68EF-6CEE-4469-AAC8-02D5D595240E}.Debug|x64.ActiveCfg = Debug|x64
		{FEEA68EF-6CEE-4469-AAC8-02D5D595240E}.Debug|x64.Build.0 = Debug|x64
		{FEEA68EF-6CEE-4469-AAC8-02D5D595240E}.Debug|x86.ActiveCfg = Debug|Win32
		{FEEA68EF-6CEE-4469-AAC8-02D5D595240E}.Debug|x86.Build.0 = Debug|Win32
		{FEEA68EF-6CEE-4469-AAC8-02D5D595240E}.Release|x64.ActiveCfg = Release|x64
		{FEEA68EF-6CEE-4469-AAC8-02D5D595240E}.Release|x64.Build.0 = Release|x64
		{FEEA68EF-6CEE-4469-AAC8-02D5D595240E}.Release|x86.ActiveCfg = Release|Win32
		{FEEA68EF-6CEE-4469-AAC8-02D5D595240E}.Release|x86.Build.0 = Release|Win32
		{7546745E-EA2D-4F27-A55C-91ADC24D1D1A}.Debug|x64.ActiveCfg = Debug|x64
		{7546745E-EA2D-4F27-A55C-91ADC24D1D1A}.Debug|x64.Build.0 = Debug|x64
		{7546745E-EA2D-4F27-A55C-91ADC24D1D1A}.Debug|x86.ActiveCfg = Debug|Win32
		{7546745E-EA2D-4F27-A55C-91ADC24D1D1A}.Debug|x86.Build.0 = Debug|Win32
		{7546745E-EA2D-4F27-A55C-91ADC24D1D1A}.Release|x64.ActiveCfg = Release|x64
		{7546745E-EA2D-4F27-A55C-91ADC24D1D1A}.Release|x64.Build.0 = Release|x64
		{7546745E-EA2D-4F27-A55C-91ADC24D1D1A}.Release|x86.ActiveCfg = Release|Win32
		{7546745E-EA2D-4F27-A55C-91ADC24D1D1A}.Release|x86.Build.0 = Release|Win32
		{4D057CF1-242B-4706-8ED8-4AAC8CAB33A5}.Debug|x64.ActiveCfg = Debug|x64
		{4D057CF1-242B-4706-8ED8-4AAC8CAB33A5}.Debug|x64.Build.0 = Debug|x64
		{4D057CF1-242B-4706-8ED8-4AAC8CAB33A5}.Debug|x86.ActiveCfg = Debug|Win32
		{4D057CF1-242B-4706-8ED8-4AAC8CAB33A5}.Debug|x86.Build.0 = Debug|Win32
		{4D057CF1-242B-4706-8ED8-4AAC8CAB33A5}.Release|x64.ActiveCfg = Release|x64
		{4D057CF1-242B-4706-8ED8-4AAC8CAB33A5}.Release|x64.Build.0 = Release|x64
		{4D057CF1-242B-4706-8ED8-4AAC8CAB33A5}.Release|x86.ActiveCfg = Release|Win32
		{4D057CF1-242B-4706-8ED8-4AAC8CAB33A5}.Release|x86.Build.0 = Release|Win32
		{DD6F2A72-F5A0-46A1-BD03-8C4BD97F2AF2}.Debug|x64.ActiveCfg = Debug|x64
		{DD6F2A72-F5A0-46A1-BD03-8C4BD97F2AF2}.Debug|x64.Build.0 = Debug|x64
		{DD6F2A72-F5A0-46A1-BD03-8C4BD97F2AF2}.Debug|x86.ActiveCfg = Debug|Win32
		{DD6F2A72-F5A0-46A1-BD03-8C4BD97F2AF2}.Debug|x86.Build.0 = Debug|Win32
		{DD6F2A72-F5A0-46A1-BD03-8C4BD97F2AF2}.Release|x64.ActiveCfg = Release|x64
		{DD6F2A72-F5A0-46A1-BD03-8C4BD97F2AF2}.Release|x64.Build.0 = Release|x64
		{DD6F2A72-F5A0-46A1-BD03-8C4BD97F2AF2}.Release|x86.ActiveCfg = Release|Win32
		{DD6F2A72-F5A0-46A1-BD03-8C4BD97F2AF2}.Release|x86.Build.0 = Release|Win32
	EndGlobalSection
	GlobalSection(SolutionProperties) = preSolution
		HideSolutionNode = FALSE
	EndGlobalSection
	GlobalSection(ExtensibilityGlobals) = postSolution
		SolutionGuid = {DFA38756-4D92-4851-870B-E1ED7B0C669B}
	EndGlobalSection
EndGlobal
